
Microsoft Visual Studio Solution File, Format Version 12.00
# Visual Studio Version 17
VisualStudioVersion = 17.4.33205.214
MinimumVisualStudioVersion = 10.0.40219.1
Project("{8BC9CEB8-8B4A-11D0-8D11-00A0C91BC942}") = "PasswordManager", "PasswordManager\PasswordManager.vcxproj", "{79654242-2FD8-4DED-A7CB-950BD8F5A5DC}"
EndProject
Global
	GlobalSection(SolutionConfigurationPlatforms) = preSolution
		Debug|x64 = Debug|x64
		Debug|x86 = Debug|x86
		Release|x64 = Release|x64
		Release|x86 = Release|x86
	EndGlobalSection
	GlobalSection(ProjectConfigurationPlatforms) = postSolution
		{79654242-2FD8-4DED-A7CB-950BD8F5A5DC}.Debug|x64.ActiveCfg = Debug|x64
		{79654242-2FD8-4DED-A7CB-950BD8F5A5DC}.Debug|x64.Build.0 = Debug|x64
		{79654242-2FD8-4DED-A7CB-950BD8F5A5DC}.Debug|x86.ActiveCfg = Debug|Win32
		{79654242-2FD8-4DED-A7CB-950BD8F5A5DC}.Debug|x86.Build.0 = Debug|Win32
		{79654242-2FD8-4DED-A7CB-950BD8F5A5DC}.Release|x64.ActiveCfg = Release|x64
		{79654242-2FD8-4DED-A7CB-950BD8F5A5DC}.Release|x64.Build.0 = Release|x64
		{79654242-2FD8-4DED-A7CB-950BD8F5A5DC}.Release|x86.ActiveCfg = Release|Win32
		{79654242-2FD8-4DED-A7CB-950BD8F5A5DC}.Release|x86.Build.0 = Release|Win32
	EndGlobalSection
	GlobalSection(SolutionProperties) = preSolution
		HideSolutionNode = FALSE
	EndGlobalSection
	GlobalSection(ExtensibilityGlobals) = postSolution
		SolutionGuid = {B220E903-9299-40AA-9AB7-C049B2579EEA}
	EndGlobalSection
EndGlobal
